// !$*UTF8*$!
{
	archiveVersion = 1;
	classes = {
	};
	objectVersion = 50;
	objects = {

/* Begin PBXBuildFile section */
		17C4ED5520B3506B704D7782 /* Pods_TestImageList.framework in Frameworks */ = {isa = PBXBuildFile; fileRef = FFDB3959A1AD8D64DB65A58E /* Pods_TestImageList.framework */; };
		EC26B1D022AA8F1B009628B8 /* AppDelegate.swift in Sources */ = {isa = PBXBuildFile; fileRef = EC26B1CF22AA8F1B009628B8 /* AppDelegate.swift */; };
		EC26B1D222AA8F1B009628B8 /* ViewController.swift in Sources */ = {isa = PBXBuildFile; fileRef = EC26B1D122AA8F1B009628B8 /* ViewController.swift */; };
		EC26B1D522AA8F1B009628B8 /* Main.storyboard in Resources */ = {isa = PBXBuildFile; fileRef = EC26B1D322AA8F1B009628B8 /* Main.storyboard */; };
		EC26B1D722AA8F1D009628B8 /* Assets.xcassets in Resources */ = {isa = PBXBuildFile; fileRef = EC26B1D622AA8F1D009628B8 /* Assets.xcassets */; };
		EC26B1DA22AA8F1D009628B8 /* LaunchScreen.storyboard in Resources */ = {isa = PBXBuildFile; fileRef = EC26B1D822AA8F1D009628B8 /* LaunchScreen.storyboard */; };
		EC26B1E522AA8F1D009628B8 /* TestImageListTests.swift in Sources */ = {isa = PBXBuildFile; fileRef = EC26B1E422AA8F1D009628B8 /* TestImageListTests.swift */; };
		EC26B1F022AA8F1D009628B8 /* TestImageListUITests.swift in Sources */ = {isa = PBXBuildFile; fileRef = EC26B1EF22AA8F1D009628B8 /* TestImageListUITests.swift */; };
		EC26B1FE22AA9942009628B8 /* DataModel.swift in Sources */ = {isa = PBXBuildFile; fileRef = EC26B1FD22AA9942009628B8 /* DataModel.swift */; };
		EC26B20122AAADCC009628B8 /* UserCell.swift in Sources */ = {isa = PBXBuildFile; fileRef = EC26B20022AAADCC009628B8 /* UserCell.swift */; };
		ECFAAE4C22AE548D0038E55F /* ApiClient.swift in Sources */ = {isa = PBXBuildFile; fileRef = ECFAAE4B22AE548D0038E55F /* ApiClient.swift */; };
		ECFAAE4F22AE87BC0038E55F /* UsersData.swift in Sources */ = {isa = PBXBuildFile; fileRef = ECFAAE4E22AE87BC0038E55F /* UsersData.swift */; };
		ECFAAE5122AE87D60038E55F /* User.swift in Sources */ = {isa = PBXBuildFile; fileRef = ECFAAE5022AE87D60038E55F /* User.swift */; };
		ECFAAE5322AE93880038E55F /* UIImageViewExtension.swift in Sources */ = {isa = PBXBuildFile; fileRef = ECFAAE5222AE93880038E55F /* UIImageViewExtension.swift */; };
		ECFAAE5522AE948A0038E55F /* CacheManager.swift in Sources */ = {isa = PBXBuildFile; fileRef = ECFAAE5422AE948A0038E55F /* CacheManager.swift */; };
/* End PBXBuildFile section */

/* Begin PBXContainerItemProxy section */
		EC26B1E122AA8F1D009628B8 /* PBXContainerItemProxy */ = {
			isa = PBXContainerItemProxy;
			containerPortal = EC26B1C422AA8F1B009628B8 /* Project object */;
			proxyType = 1;
			remoteGlobalIDString = EC26B1CB22AA8F1B009628B8;
			remoteInfo = TestImageList;
		};
		EC26B1EC22AA8F1D009628B8 /* PBXContainerItemProxy */ = {
			isa = PBXContainerItemProxy;
			containerPortal = EC26B1C422AA8F1B009628B8 /* Project object */;
			proxyType = 1;
			remoteGlobalIDString = EC26B1CB22AA8F1B009628B8;
			remoteInfo = TestImageList;
		};
/* End PBXContainerItemProxy section */

/* Begin PBXFileReference section */
		0AE039870047C3951E8A6B0D /* Pods-TestImageList.release.xcconfig */ = {isa = PBXFileReference; includeInIndex = 1; lastKnownFileType = text.xcconfig; name = "Pods-TestImageList.release.xcconfig"; path = "Target Support Files/Pods-TestImageList/Pods-TestImageList.release.xcconfig"; sourceTree = "<group>"; };
		EC26B1CC22AA8F1B009628B8 /* TestImageList.app */ = {isa = PBXFileReference; explicitFileType = wrapper.application; includeInIndex = 0; path = TestImageList.app; sourceTree = BUILT_PRODUCTS_DIR; };
		EC26B1CF22AA8F1B009628B8 /* AppDelegate.swift */ = {isa = PBXFileReference; lastKnownFileType = sourcecode.swift; path = AppDelegate.swift; sourceTree = "<group>"; };
		EC26B1D122AA8F1B009628B8 /* ViewController.swift */ = {isa = PBXFileReference; lastKnownFileType = sourcecode.swift; path = ViewController.swift; sourceTree = "<group>"; };
		EC26B1D422AA8F1B009628B8 /* Base */ = {isa = PBXFileReference; lastKnownFileType = file.storyboard; name = Base; path = Base.lproj/Main.storyboard; sourceTree = "<group>"; };
		EC26B1D622AA8F1D009628B8 /* Assets.xcassets */ = {isa = PBXFileReference; lastKnownFileType = folder.assetcatalog; path = Assets.xcassets; sourceTree = "<group>"; };
		EC26B1D922AA8F1D009628B8 /* Base */ = {isa = PBXFileReference; lastKnownFileType = file.storyboard; name = Base; path = Base.lproj/LaunchScreen.storyboard; sourceTree = "<group>"; };
		EC26B1DB22AA8F1D009628B8 /* Info.plist */ = {isa = PBXFileReference; lastKnownFileType = text.plist.xml; path = Info.plist; sourceTree = "<group>"; };
		EC26B1E022AA8F1D009628B8 /* TestImageListTests.xctest */ = {isa = PBXFileReference; explicitFileType = wrapper.cfbundle; includeInIndex = 0; path = TestImageListTests.xctest; sourceTree = BUILT_PRODUCTS_DIR; };
		EC26B1E422AA8F1D009628B8 /* TestImageListTests.swift */ = {isa = PBXFileReference; lastKnownFileType = sourcecode.swift; path = TestImageListTests.swift; sourceTree = "<group>"; };
		EC26B1E622AA8F1D009628B8 /* Info.plist */ = {isa = PBXFileReference; lastKnownFileType = text.plist.xml; path = Info.plist; sourceTree = "<group>"; };
		EC26B1EB22AA8F1D009628B8 /* TestImageListUITests.xctest */ = {isa = PBXFileReference; explicitFileType = wrapper.cfbundle; includeInIndex = 0; path = TestImageListUITests.xctest; sourceTree = BUILT_PRODUCTS_DIR; };
		EC26B1EF22AA8F1D009628B8 /* TestImageListUITests.swift */ = {isa = PBXFileReference; lastKnownFileType = sourcecode.swift; path = TestImageListUITests.swift; sourceTree = "<group>"; };
		EC26B1F122AA8F1D009628B8 /* Info.plist */ = {isa = PBXFileReference; lastKnownFileType = text.plist.xml; path = Info.plist; sourceTree = "<group>"; };
		EC26B1FD22AA9942009628B8 /* DataModel.swift */ = {isa = PBXFileReference; lastKnownFileType = sourcecode.swift; path = DataModel.swift; sourceTree = "<group>"; };
		EC26B20022AAADCC009628B8 /* UserCell.swift */ = {isa = PBXFileReference; lastKnownFileType = sourcecode.swift; path = UserCell.swift; sourceTree = "<group>"; };
		EC2D231D2A34105584CD571A /* Pods-TestImageList.debug.xcconfig */ = {isa = PBXFileReference; includeInIndex = 1; lastKnownFileType = text.xcconfig; name = "Pods-TestImageList.debug.xcconfig"; path = "Target Support Files/Pods-TestImageList/Pods-TestImageList.debug.xcconfig"; sourceTree = "<group>"; };
		ECFAAE4B22AE548D0038E55F /* ApiClient.swift */ = {isa = PBXFileReference; lastKnownFileType = sourcecode.swift; path = ApiClient.swift; sourceTree = "<group>"; };
		ECFAAE4E22AE87BC0038E55F /* UsersData.swift */ = {isa = PBXFileReference; lastKnownFileType = sourcecode.swift; path = UsersData.swift; sourceTree = "<group>"; };
		ECFAAE5022AE87D60038E55F /* User.swift */ = {isa = PBXFileReference; lastKnownFileType = sourcecode.swift; path = User.swift; sourceTree = "<group>"; };
		ECFAAE5222AE93880038E55F /* UIImageViewExtension.swift */ = {isa = PBXFileReference; lastKnownFileType = sourcecode.swift; path = UIImageViewExtension.swift; sourceTree = "<group>"; };
		ECFAAE5422AE948A0038E55F /* CacheManager.swift */ = {isa = PBXFileReference; lastKnownFileType = sourcecode.swift; path = CacheManager.swift; sourceTree = "<group>"; };
		FFDB3959A1AD8D64DB65A58E /* Pods_TestImageList.framework */ = {isa = PBXFileReference; explicitFileType = wrapper.framework; includeInIndex = 0; path = Pods_TestImageList.framework; sourceTree = BUILT_PRODUCTS_DIR; };
/* End PBXFileReference section */

/* Begin PBXFrameworksBuildPhase section */
		EC26B1C922AA8F1B009628B8 /* Frameworks */ = {
			isa = PBXFrameworksBuildPhase;
			buildActionMask = 2147483647;
			files = (
				17C4ED5520B3506B704D7782 /* Pods_TestImageList.framework in Frameworks */,
			);
			runOnlyForDeploymentPostprocessing = 0;
		};
		EC26B1DD22AA8F1D009628B8 /* Frameworks */ = {
			isa = PBXFrameworksBuildPhase;
			buildActionMask = 2147483647;
			files = (
			);
			runOnlyForDeploymentPostprocessing = 0;
		};
		EC26B1E822AA8F1D009628B8 /* Frameworks */ = {
			isa = PBXFrameworksBuildPhase;
			buildActionMask = 2147483647;
			files = (
			);
			runOnlyForDeploymentPostprocessing = 0;
		};
/* End PBXFrameworksBuildPhase section */

/* Begin PBXGroup section */
		3DF283871F35DB149EDDC26F /* Pods */ = {
			isa = PBXGroup;
			children = (
				EC2D231D2A34105584CD571A /* Pods-TestImageList.debug.xcconfig */,
				0AE039870047C3951E8A6B0D /* Pods-TestImageList.release.xcconfig */,
			);
			path = Pods;
			sourceTree = "<group>";
		};
		D80AB703190E22820FCABEFF /* Frameworks */ = {
			isa = PBXGroup;
			children = (
				FFDB3959A1AD8D64DB65A58E /* Pods_TestImageList.framework */,
			);
			name = Frameworks;
			sourceTree = "<group>";
		};
		EC26B1C322AA8F1B009628B8 = {
			isa = PBXGroup;
			children = (
				EC26B1CE22AA8F1B009628B8 /* TestImageList */,
				EC26B1E322AA8F1D009628B8 /* TestImageListTests */,
				EC26B1EE22AA8F1D009628B8 /* TestImageListUITests */,
				EC26B1CD22AA8F1B009628B8 /* Products */,
				3DF283871F35DB149EDDC26F /* Pods */,
				D80AB703190E22820FCABEFF /* Frameworks */,
			);
			sourceTree = "<group>";
		};
		EC26B1CD22AA8F1B009628B8 /* Products */ = {
			isa = PBXGroup;
			children = (
				EC26B1CC22AA8F1B009628B8 /* TestImageList.app */,
				EC26B1E022AA8F1D009628B8 /* TestImageListTests.xctest */,
				EC26B1EB22AA8F1D009628B8 /* TestImageListUITests.xctest */,
			);
			name = Products;
			sourceTree = "<group>";
		};
		EC26B1CE22AA8F1B009628B8 /* TestImageList */ = {
			isa = PBXGroup;
			children = (
				ECFAAE4D22AE879F0038E55F /* DataModel */,
				EC26B1CF22AA8F1B009628B8 /* AppDelegate.swift */,
				EC26B1D122AA8F1B009628B8 /* ViewController.swift */,
				EC26B1D322AA8F1B009628B8 /* Main.storyboard */,
				EC26B1D622AA8F1D009628B8 /* Assets.xcassets */,
				EC26B1D822AA8F1D009628B8 /* LaunchScreen.storyboard */,
				EC26B1DB22AA8F1D009628B8 /* Info.plist */,
				EC26B20022AAADCC009628B8 /* UserCell.swift */,
				ECFAAE4B22AE548D0038E55F /* ApiClient.swift */,
				ECFAAE5222AE93880038E55F /* UIImageViewExtension.swift */,
				ECFAAE5422AE948A0038E55F /* CacheManager.swift */,
			);
			path = TestImageList;
			sourceTree = "<group>";
		};
		EC26B1E322AA8F1D009628B8 /* TestImageListTests */ = {
			isa = PBXGroup;
			children = (
				EC26B1E422AA8F1D009628B8 /* TestImageListTests.swift */,
				EC26B1E622AA8F1D009628B8 /* Info.plist */,
			);
			path = TestImageListTests;
			sourceTree = "<group>";
		};
		EC26B1EE22AA8F1D009628B8 /* TestImageListUITests */ = {
			isa = PBXGroup;
			children = (
				EC26B1EF22AA8F1D009628B8 /* TestImageListUITests.swift */,
				EC26B1F122AA8F1D009628B8 /* Info.plist */,
			);
			path = TestImageListUITests;
			sourceTree = "<group>";
		};
		ECFAAE4D22AE879F0038E55F /* DataModel */ = {
			isa = PBXGroup;
			children = (
				EC26B1FD22AA9942009628B8 /* DataModel.swift */,
				ECFAAE4E22AE87BC0038E55F /* UsersData.swift */,
				ECFAAE5022AE87D60038E55F /* User.swift */,
			);
			path = DataModel;
			sourceTree = "<group>";
		};
/* End PBXGroup section */

/* Begin PBXNativeTarget section */
		EC26B1CB22AA8F1B009628B8 /* TestImageList */ = {
			isa = PBXNativeTarget;
			buildConfigurationList = EC26B1F422AA8F1D009628B8 /* Build configuration list for PBXNativeTarget "TestImageList" */;
			buildPhases = (
				651EDAF9905C1359D131820A /* [CP] Check Pods Manifest.lock */,
				EC26B1C822AA8F1B009628B8 /* Sources */,
				EC26B1C922AA8F1B009628B8 /* Frameworks */,
				EC26B1CA22AA8F1B009628B8 /* Resources */,
				72E5D3168375226073AC8932 /* [CP] Embed Pods Frameworks */,
			);
			buildRules = (
			);
			dependencies = (
			);
			name = TestImageList;
			productName = TestImageList;
			productReference = EC26B1CC22AA8F1B009628B8 /* TestImageList.app */;
			productType = "com.apple.product-type.application";
		};
		EC26B1DF22AA8F1D009628B8 /* TestImageListTests */ = {
			isa = PBXNativeTarget;
			buildConfigurationList = EC26B1F722AA8F1D009628B8 /* Build configuration list for PBXNativeTarget "TestImageListTests" */;
			buildPhases = (
				EC26B1DC22AA8F1D009628B8 /* Sources */,
				EC26B1DD22AA8F1D009628B8 /* Frameworks */,
				EC26B1DE22AA8F1D009628B8 /* Resources */,
			);
			buildRules = (
			);
			dependencies = (
				EC26B1E222AA8F1D009628B8 /* PBXTargetDependency */,
			);
			name = TestImageListTests;
			productName = TestImageListTests;
			productReference = EC26B1E022AA8F1D009628B8 /* TestImageListTests.xctest */;
			productType = "com.apple.product-type.bundle.unit-test";
		};
		EC26B1EA22AA8F1D009628B8 /* TestImageListUITests */ = {
			isa = PBXNativeTarget;
			buildConfigurationList = EC26B1FA22AA8F1D009628B8 /* Build configuration list for PBXNativeTarget "TestImageListUITests" */;
			buildPhases = (
				EC26B1E722AA8F1D009628B8 /* Sources */,
				EC26B1E822AA8F1D009628B8 /* Frameworks */,
				EC26B1E922AA8F1D009628B8 /* Resources */,
			);
			buildRules = (
			);
			dependencies = (
				EC26B1ED22AA8F1D009628B8 /* PBXTargetDependency */,
			);
			name = TestImageListUITests;
			productName = TestImageListUITests;
			productReference = EC26B1EB22AA8F1D009628B8 /* TestImageListUITests.xctest */;
			productType = "com.apple.product-type.bundle.ui-testing";
		};
/* End PBXNativeTarget section */

/* Begin PBXProject section */
		EC26B1C422AA8F1B009628B8 /* Project object */ = {
			isa = PBXProject;
			attributes = {
				LastSwiftUpdateCheck = 1010;
				LastUpgradeCheck = 1010;
				ORGANIZATIONNAME = Trainee;
				TargetAttributes = {
					EC26B1CB22AA8F1B009628B8 = {
						CreatedOnToolsVersion = 10.1;
					};
					EC26B1DF22AA8F1D009628B8 = {
						CreatedOnToolsVersion = 10.1;
						TestTargetID = EC26B1CB22AA8F1B009628B8;
					};
					EC26B1EA22AA8F1D009628B8 = {
						CreatedOnToolsVersion = 10.1;
						TestTargetID = EC26B1CB22AA8F1B009628B8;
					};
				};
			};
			buildConfigurationList = EC26B1C722AA8F1B009628B8 /* Build configuration list for PBXProject "TestImageList" */;
			compatibilityVersion = "Xcode 9.3";
			developmentRegion = en;
			hasScannedForEncodings = 0;
			knownRegions = (
				en,
				Base,
			);
			mainGroup = EC26B1C322AA8F1B009628B8;
			productRefGroup = EC26B1CD22AA8F1B009628B8 /* Products */;
			projectDirPath = "";
			projectRoot = "";
			targets = (
				EC26B1CB22AA8F1B009628B8 /* TestImageList */,
				EC26B1DF22AA8F1D009628B8 /* TestImageListTests */,
				EC26B1EA22AA8F1D009628B8 /* TestImageListUITests */,
			);
		};
/* End PBXProject section */

/* Begin PBXResourcesBuildPhase section */
		EC26B1CA22AA8F1B009628B8 /* Resources */ = {
			isa = PBXResourcesBuildPhase;
			buildActionMask = 2147483647;
			files = (
				EC26B1DA22AA8F1D009628B8 /* LaunchScreen.storyboard in Resources */,
				EC26B1D722AA8F1D009628B8 /* Assets.xcassets in Resources */,
				EC26B1D522AA8F1B009628B8 /* Main.storyboard in Resources */,
			);
			runOnlyForDeploymentPostprocessing = 0;
		};
		EC26B1DE22AA8F1D009628B8 /* Resources */ = {
			isa = PBXResourcesBuildPhase;
			buildActionMask = 2147483647;
			files = (
			);
			runOnlyForDeploymentPostprocessing = 0;
		};
		EC26B1E922AA8F1D009628B8 /* Resources */ = {
			isa = PBXResourcesBuildPhase;
			buildActionMask = 2147483647;
			files = (
			);
			runOnlyForDeploymentPostprocessing = 0;
		};
/* End PBXResourcesBuildPhase section */

/* Begin PBXShellScriptBuildPhase section */
		651EDAF9905C1359D131820A /* [CP] Check Pods Manifest.lock */ = {
			isa = PBXShellScriptBuildPhase;
			buildActionMask = 2147483647;
			files = (
			);
			inputFileListPaths = (
			);
			inputPaths = (
				"${PODS_PODFILE_DIR_PATH}/Podfile.lock",
				"${PODS_ROOT}/Manifest.lock",
			);
			name = "[CP] Check Pods Manifest.lock";
			outputFileListPaths = (
			);
			outputPaths = (
				"$(DERIVED_FILE_DIR)/Pods-TestImageList-checkManifestLockResult.txt",
			);
			runOnlyForDeploymentPostprocessing = 0;
			shellPath = /bin/sh;
			shellScript = "diff \"${PODS_PODFILE_DIR_PATH}/Podfile.lock\" \"${PODS_ROOT}/Manifest.lock\" > /dev/null\nif [ $? != 0 ] ; then\n    # print error to STDERR\n    echo \"error: The sandbox is not in sync with the Podfile.lock. Run 'pod install' or update your CocoaPods installation.\" >&2\n    exit 1\nfi\n# This output is used by Xcode 'outputs' to avoid re-running this script phase.\necho \"SUCCESS\" > \"${SCRIPT_OUTPUT_FILE_0}\"\n";
			showEnvVarsInLog = 0;
		};
		72E5D3168375226073AC8932 /* [CP] Embed Pods Frameworks */ = {
			isa = PBXShellScriptBuildPhase;
			buildActionMask = 2147483647;
			files = (
			);
			inputFileListPaths = (
			);
			inputPaths = (
				"${PODS_ROOT}/Target Support Files/Pods-TestImageList/Pods-TestImageList-frameworks.sh",
				"${BUILT_PRODUCTS_DIR}/Alamofire/Alamofire.framework",
				"${BUILT_PRODUCTS_DIR}/AlamofireImage/AlamofireImage.framework",
				"${BUILT_PRODUCTS_DIR}/SnapKit/SnapKit.framework",
			);
			name = "[CP] Embed Pods Frameworks";
			outputFileListPaths = (
			);
			outputPaths = (
				"${TARGET_BUILD_DIR}/${FRAMEWORKS_FOLDER_PATH}/Alamofire.framework",
				"${TARGET_BUILD_DIR}/${FRAMEWORKS_FOLDER_PATH}/AlamofireImage.framework",
				"${TARGET_BUILD_DIR}/${FRAMEWORKS_FOLDER_PATH}/SnapKit.framework",
			);
			runOnlyForDeploymentPostprocessing = 0;
			shellPath = /bin/sh;
			shellScript = "\"${PODS_ROOT}/Target Support Files/Pods-TestImageList/Pods-TestImageList-frameworks.sh\"\n";
			showEnvVarsInLog = 0;
		};
/* End PBXShellScriptBuildPhase section */

/* Begin PBXSourcesBuildPhase section */
		EC26B1C822AA8F1B009628B8 /* Sources */ = {
			isa = PBXSourcesBuildPhase;
			buildActionMask = 2147483647;
			files = (
				ECFAAE4F22AE87BC0038E55F /* UsersData.swift in Sources */,
				ECFAAE5522AE948A0038E55F /* CacheManager.swift in Sources */,
				EC26B20122AAADCC009628B8 /* UserCell.swift in Sources */,
				EC26B1D222AA8F1B009628B8 /* ViewController.swift in Sources */,
				EC26B1D022AA8F1B009628B8 /* AppDelegate.swift in Sources */,
				EC26B1FE22AA9942009628B8 /* DataModel.swift in Sources */,
				ECFAAE4C22AE548D0038E55F /* ApiClient.swift in Sources */,
				ECFAAE5322AE93880038E55F /* UIImageViewExtension.swift in Sources */,
				ECFAAE5122AE87D60038E55F /* User.swift in Sources */,
			);
			runOnlyForDeploymentPostprocessing = 0;
		};
		EC26B1DC22AA8F1D009628B8 /* Sources */ = {
			isa = PBXSourcesBuildPhase;
			buildActionMask = 2147483647;
			files = (
				EC26B1E522AA8F1D009628B8 /* TestImageListTests.swift in Sources */,
			);
			runOnlyForDeploymentPostprocessing = 0;
		};
		EC26B1E722AA8F1D009628B8 /* Sources */ = {
			isa = PBXSourcesBuildPhase;
			buildActionMask = 2147483647;
			files = (
				EC26B1F022AA8F1D009628B8 /* TestImageListUITests.swift in Sources */,
			);
			runOnlyForDeploymentPostprocessing = 0;
		};
/* End PBXSourcesBuildPhase section */

/* Begin PBXTargetDependency section */
		EC26B1E222AA8F1D009628B8 /* PBXTargetDependency */ = {
			isa = PBXTargetDependency;
			target = EC26B1CB22AA8F1B009628B8 /* TestImageList */;
			targetProxy = EC26B1E122AA8F1D009628B8 /* PBXContainerItemProxy */;
		};
		EC26B1ED22AA8F1D009628B8 /* PBXTargetDependency */ = {
			isa = PBXTargetDependency;
			target = EC26B1CB22AA8F1B009628B8 /* TestImageList */;
			targetProxy = EC26B1EC22AA8F1D009628B8 /* PBXContainerItemProxy */;
		};
/* End PBXTargetDependency section */

/* Begin PBXVariantGroup section */
		EC26B1D322AA8F1B009628B8 /* Main.storyboard */ = {
			isa = PBXVariantGroup;
			children = (
				EC26B1D422AA8F1B009628B8 /* Base */,
			);
			name = Main.storyboard;
			sourceTree = "<group>";
		};
		EC26B1D822AA8F1D009628B8 /* LaunchScreen.storyboard */ = {
			isa = PBXVariantGroup;
			children = (
				EC26B1D922AA8F1D009628B8 /* Base */,
			);
			name = LaunchScreen.storyboard;
			sourceTree = "<group>";
		};
/* End PBXVariantGroup section */

/* Begin XCBuildConfiguration section */
		EC26B1F222AA8F1D009628B8 /* Debug */ = {
			isa = XCBuildConfiguration;
			buildSettings = {
				ALWAYS_SEARCH_USER_PATHS = NO;
				CLANG_ANALYZER_NONNULL = YES;
				CLANG_ANALYZER_NUMBER_OBJECT_CONVERSION = YES_AGGRESSIVE;
				CLANG_CXX_LANGUAGE_STANDARD = "gnu++14";
				CLANG_CXX_LIBRARY = "libc++";
				CLANG_ENABLE_MODULES = YES;
				CLANG_ENABLE_OBJC_ARC = YES;
				CLANG_ENABLE_OBJC_WEAK = YES;
				CLANG_WARN_BLOCK_CAPTURE_AUTORELEASING = YES;
				CLANG_WARN_BOOL_CONVERSION = YES;
				CLANG_WARN_COMMA = YES;
				CLANG_WARN_CONSTANT_CONVERSION = YES;
				CLANG_WARN_DEPRECATED_OBJC_IMPLEMENTATIONS = YES;
				CLANG_WARN_DIRECT_OBJC_ISA_USAGE = YES_ERROR;
				CLANG_WARN_DOCUMENTATION_COMMENTS = YES;
				CLANG_WARN_EMPTY_BODY = YES;
				CLANG_WARN_ENUM_CONVERSION = YES;
				CLANG_WARN_INFINITE_RECURSION = YES;
				CLANG_WARN_INT_CONVERSION = YES;
				CLANG_WARN_NON_LITERAL_NULL_CONVERSION = YES;
				CLANG_WARN_OBJC_IMPLICIT_RETAIN_SELF = YES;
				CLANG_WARN_OBJC_LITERAL_CONVERSION = YES;
				CLANG_WARN_OBJC_ROOT_CLASS = YES_ERROR;
				CLANG_WARN_RANGE_LOOP_ANALYSIS = YES;
				CLANG_WARN_STRICT_PROTOTYPES = YES;
				CLANG_WARN_SUSPICIOUS_MOVE = YES;
				CLANG_WARN_UNGUARDED_AVAILABILITY = YES_AGGRESSIVE;
				CLANG_WARN_UNREACHABLE_CODE = YES;
				CLANG_WARN__DUPLICATE_METHOD_MATCH = YES;
				CODE_SIGN_IDENTITY = "iPhone Developer";
				COPY_PHASE_STRIP = NO;
				DEBUG_INFORMATION_FORMAT = dwarf;
				ENABLE_STRICT_OBJC_MSGSEND = YES;
				ENABLE_TESTABILITY = YES;
				GCC_C_LANGUAGE_STANDARD = gnu11;
				GCC_DYNAMIC_NO_PIC = NO;
				GCC_NO_COMMON_BLOCKS = YES;
				GCC_OPTIMIZATION_LEVEL = 0;
				GCC_PREPROCESSOR_DEFINITIONS = (
					"DEBUG=1",
					"$(inherited)",
				);
				GCC_WARN_64_TO_32_BIT_CONVERSION = YES;
				GCC_WARN_ABOUT_RETURN_TYPE = YES_ERROR;
				GCC_WARN_UNDECLARED_SELECTOR = YES;
				GCC_WARN_UNINITIALIZED_AUTOS = YES_AGGRESSIVE;
				GCC_WARN_UNUSED_FUNCTION = YES;
				GCC_WARN_UNUSED_VARIABLE = YES;
				IPHONEOS_DEPLOYMENT_TARGET = 12.1;
				MTL_ENABLE_DEBUG_INFO = INCLUDE_SOURCE;
				MTL_FAST_MATH = YES;
				ONLY_ACTIVE_ARCH = YES;
				SDKROOT = iphoneos;
				SWIFT_ACTIVE_COMPILATION_CONDITIONS = DEBUG;
				SWIFT_OPTIMIZATION_LEVEL = "-Onone";
			};
			name = Debug;
		};
		EC26B1F322AA8F1D009628B8 /* Release */ = {
			isa = XCBuildConfiguration;
			buildSettings = {
				ALWAYS_SEARCH_USER_PATHS = NO;
				CLANG_ANALYZER_NONNULL = YES;
				CLANG_ANALYZER_NUMBER_OBJECT_CONVERSION = YES_AGGRESSIVE;
				CLANG_CXX_LANGUAGE_STANDARD = "gnu++14";
				CLANG_CXX_LIBRARY = "libc++";
				CLANG_ENABLE_MODULES = YES;
				CLANG_ENABLE_OBJC_ARC = YES;
				CLANG_ENABLE_OBJC_WEAK = YES;
				CLANG_WARN_BLOCK_CAPTURE_AUTORELEASING = YES;
				CLANG_WARN_BOOL_CONVERSION = YES;
				CLANG_WARN_COMMA = YES;
				CLANG_WARN_CONSTANT_CONVERSION = YES;
				CLANG_WARN_DEPRECATED_OBJC_IMPLEMENTATIONS = YES;
				CLANG_WARN_DIRECT_OBJC_ISA_USAGE = YES_ERROR;
				CLANG_WARN_DOCUMENTATION_COMMENTS = YES;
				CLANG_WARN_EMPTY_BODY = YES;
				CLANG_WARN_ENUM_CONVERSION = YES;
				CLANG_WARN_INFINITE_RECURSION = YES;
				CLANG_WARN_INT_CONVERSION = YES;
				CLANG_WARN_NON_LITERAL_NULL_CONVERSION = YES;
				CLANG_WARN_OBJC_IMPLICIT_RETAIN_SELF = YES;
				CLANG_WARN_OBJC_LITERAL_CONVERSION = YES;
				CLANG_WARN_OBJC_ROOT_CLASS = YES_ERROR;
				CLANG_WARN_RANGE_LOOP_ANALYSIS = YES;
				CLANG_WARN_STRICT_PROTOTYPES = YES;
				CLANG_WARN_SUSPICIOUS_MOVE = YES;
				CLANG_WARN_UNGUARDED_AVAILABILITY = YES_AGGRESSIVE;
				CLANG_WARN_UNREACHABLE_CODE = YES;
				CLANG_WARN__DUPLICATE_METHOD_MATCH = YES;
				CODE_SIGN_IDENTITY = "iPhone Developer";
				COPY_PHASE_STRIP = NO;
				DEBUG_INFORMATION_FORMAT = "dwarf-with-dsym";
				ENABLE_NS_ASSERTIONS = NO;
				ENABLE_STRICT_OBJC_MSGSEND = YES;
				GCC_C_LANGUAGE_STANDARD = gnu11;
				GCC_NO_COMMON_BLOCKS = YES;
				GCC_WARN_64_TO_32_BIT_CONVERSION = YES;
				GCC_WARN_ABOUT_RETURN_TYPE = YES_ERROR;
				GCC_WARN_UNDECLARED_SELECTOR = YES;
				GCC_WARN_UNINITIALIZED_AUTOS = YES_AGGRESSIVE;
				GCC_WARN_UNUSED_FUNCTION = YES;
				GCC_WARN_UNUSED_VARIABLE = YES;
				IPHONEOS_DEPLOYMENT_TARGET = 12.1;
				MTL_ENABLE_DEBUG_INFO = NO;
				MTL_FAST_MATH = YES;
				SDKROOT = iphoneos;
				SWIFT_COMPILATION_MODE = wholemodule;
				SWIFT_OPTIMIZATION_LEVEL = "-O";
				VALIDATE_PRODUCT = YES;
			};
			name = Release;
		};
		EC26B1F522AA8F1D009628B8 /* Debug */ = {
			isa = XCBuildConfiguration;
			baseConfigurationReference = EC2D231D2A34105584CD571A /* Pods-TestImageList.debug.xcconfig */;
			buildSettings = {
				ASSETCATALOG_COMPILER_APPICON_NAME = AppIcon;
				CODE_SIGN_STYLE = Automatic;
				INFOPLIST_FILE = TestImageList/Info.plist;
				LD_RUNPATH_SEARCH_PATHS = (
					"$(inherited)",
					"@executable_path/Frameworks",
				);
				PRODUCT_BUNDLE_IDENTIFIER = dev.TestImageList;
				PRODUCT_NAME = "$(TARGET_NAME)";
				SWIFT_VERSION = 4.2;
				TARGETED_DEVICE_FAMILY = "1,2";
			};
			name = Debug;
		};
		EC26B1F622AA8F1D009628B8 /* Release */ = {
			isa = XCBuildConfiguration;
			baseConfigurationReference = 0AE039870047C3951E8A6B0D /* Pods-TestImageList.release.xcconfig */;
			buildSettings = {
				ASSETCATALOG_COMPILER_APPICON_NAME = AppIcon;
				CODE_SIGN_STYLE = Automatic;
				INFOPLIST_FILE = TestImageList/Info.plist;
				LD_RUNPATH_SEARCH_PATHS = (
					"$(inherited)",
					"@executable_path/Frameworks",
				);
				PRODUCT_BUNDLE_IDENTIFIER = dev.TestImageList;
				PRODUCT_NAME = "$(TARGET_NAME)";
				SWIFT_VERSION = 4.2;
				TARGETED_DEVICE_FAMILY = "1,2";
			};
			name = Release;
		};
		EC26B1F822AA8F1D009628B8 /* Debug */ = {
			isa = XCBuildConfiguration;
			buildSettings = {
				ALWAYS_EMBED_SWIFT_STANDARD_LIBRARIES = YES;
				BUNDLE_LOADER = "$(TEST_HOST)";
				CODE_SIGN_STYLE = Automatic;
				INFOPLIST_FILE = TestImageListTests/Info.plist;
				LD_RUNPATH_SEARCH_PATHS = (
					"$(inherited)",
					"@executable_path/Frameworks",
					"@loader_path/Frameworks",
				);
				PRODUCT_BUNDLE_IDENTIFIER = dev.TestImageListTests;
				PRODUCT_NAME = "$(TARGET_NAME)";
				SWIFT_VERSION = 4.2;
				TARGETED_DEVICE_FAMILY = "1,2";
				TEST_HOST = "$(BUILT_PRODUCTS_DIR)/TestImageList.app/TestImageList";
			};
			name = Debug;
		};
		EC26B1F922AA8F1D009628B8 /* Release */ = {
			isa = XCBuildConfiguration;
			buildSettings = {
				ALWAYS_EMBED_SWIFT_STANDARD_LIBRARIES = YES;
				BUNDLE_LOADER = "$(TEST_HOST)";
				CODE_SIGN_STYLE = Automatic;
				INFOPLIST_FILE = TestImageListTests/Info.plist;
				LD_RUNPATH_SEARCH_PATHS = (
					"$(inherited)",
					"@executable_path/Frameworks",
					"@loader_path/Frameworks",
				);
				PRODUCT_BUNDLE_IDENTIFIER = dev.TestImageListTests;
				PRODUCT_NAME = "$(TARGET_NAME)";
				SWIFT_VERSION = 4.2;
				TARGETED_DEVICE_FAMILY = "1,2";
				TEST_HOST = "$(BUILT_PRODUCTS_DIR)/TestImageList.app/TestImageList";
			};
			name = Release;
		};
		EC26B1FB22AA8F1D009628B8 /* Debug */ = {
			isa = XCBuildConfiguration;
			buildSettings = {
				ALWAYS_EMBED_SWIFT_STANDARD_LIBRARIES = YES;
				CODE_SIGN_STYLE = Automatic;
				INFOPLIST_FILE = TestImageListUITests/Info.plist;
				LD_RUNPATH_SEARCH_PATHS = (
					"$(inherited)",
					"@executable_path/Frameworks",
					"@loader_path/Frameworks",
				);
				PRODUCT_BUNDLE_IDENTIFIER = dev.TestImageListUITests;
				PRODUCT_NAME = "$(TARGET_NAME)";
				SWIFT_VERSION = 4.2;
				TARGETED_DEVICE_FAMILY = "1,2";
				TEST_TARGET_NAME = TestImageList;
			};
			name = Debug;
		};
		EC26B1FC22AA8F1D009628B8 /* Release */ = {
			isa = XCBuildConfiguration;
			buildSettings = {
				ALWAYS_EMBED_SWIFT_STANDARD_LIBRARIES = YES;
				CODE_SIGN_STYLE = Automatic;
				INFOPLIST_FILE = TestImageListUITests/Info.plist;
				LD_RUNPATH_SEARCH_PATHS = (
					"$(inherited)",
					"@executable_path/Frameworks",
					"@loader_path/Frameworks",
				);
				PRODUCT_BUNDLE_IDENTIFIER = dev.TestImageListUITests;
				PRODUCT_NAME = "$(TARGET_NAME)";
				SWIFT_VERSION = 4.2;
				TARGETED_DEVICE_FAMILY = "1,2";
				TEST_TARGET_NAME = TestImageList;
			};
			name = Release;
		};
/* End XCBuildConfiguration section */

/* Begin XCConfigurationList section */
		EC26B1C722AA8F1B009628B8 /* Build configuration list for PBXProject "TestImageList" */ = {
			isa = XCConfigurationList;
			buildConfigurations = (
				EC26B1F222AA8F1D009628B8 /* Debug */,
				EC26B1F322AA8F1D009628B8 /* Release */,
			);
			defaultConfigurationIsVisible = 0;
			defaultConfigurationName = Release;
		};
		EC26B1F422AA8F1D009628B8 /* Build configuration list for PBXNativeTarget "TestImageList" */ = {
			isa = XCConfigurationList;
			buildConfigurations = (
				EC26B1F522AA8F1D009628B8 /* Debug */,
				EC26B1F622AA8F1D009628B8 /* Release */,
			);
			defaultConfigurationIsVisible = 0;
			defaultConfigurationName = Release;
		};
		EC26B1F722AA8F1D009628B8 /* Build configuration list for PBXNativeTarget "TestImageListTests" */ = {
			isa = XCConfigurationList;
			buildConfigurations = (
				EC26B1F822AA8F1D009628B8 /* Debug */,
				EC26B1F922AA8F1D009628B8 /* Release */,
			);
			defaultConfigurationIsVisible = 0;
			defaultConfigurationName = Release;
		};
		EC26B1FA22AA8F1D009628B8 /* Build configuration list for PBXNativeTarget "TestImageListUITests" */ = {
			isa = XCConfigurationList;
			buildConfigurations = (
				EC26B1FB22AA8F1D009628B8 /* Debug */,
				EC26B1FC22AA8F1D009628B8 /* Release */,
			);
			defaultConfigurationIsVisible = 0;
			defaultConfigurationName = Release;
		};
/* End XCConfigurationList section */
	};
	rootObject = EC26B1C422AA8F1B009628B8 /* Project object */;
}
